Microsoft Visual Studio Solution File, Format Version 11.00
# Visual Studio 2008

Project("{FE807855-7BCF-0DC4-7D1F-0438C5743B88}") = "BluePrintGenerator", "Assembly-CSharp-firstpass-vs.csproj", "{68BA3E99-C30F-B0DF-3F6C-04FF3C8BE284}"
EndProject
Project("{FE807855-7BCF-0DC4-7D1F-0438C5743B88}") = "BluePrintGenerator", "Assembly-CSharp-vs.csproj", "{C61962EE-F416-F05F-2579-90CDD8428434}"
EndProject
Project("{FE807855-7BCF-0DC4-7D1F-0438C5743B88}") = "BluePrintGenerator", "Assembly-CSharp-Editor-vs.csproj", "{3FAE279F-9EF1-D49A-1548-141D26F564CE}"
EndProject
Global
	GlobalSection(SolutionConfigurationPlatforms) = preSolution
		Debug|Any CPU = Debug|Any CPU
		Release|Any CPU = Release|Any CPU
	EndGlobalSection
	GlobalSection(ProjectConfigurationPlatforms) = postSolution
		{68BA3E99-C30F-B0DF-3F6C-04FF3C8BE284}.Debug|Any CPU.ActiveCfg = Debug|Any CPU
		{68BA3E99-C30F-B0DF-3F6C-04FF3C8BE284}.Debug|Any CPU.Build.0 = Debug|Any CPU
		{68BA3E99-C30F-B0DF-3F6C-04FF3C8BE284}.Release|Any CPU.ActiveCfg = Release|Any CPU
		{68BA3E99-C30F-B0DF-3F6C-04FF3C8BE284}.Release|Any CPU.Build.0 = Release|Any CPU
		{C61962EE-F416-F05F-2579-90CDD8428434}.Debug|Any CPU.ActiveCfg = Debug|Any CPU
		{C61962EE-F416-F05F-2579-90CDD8428434}.Debug|Any CPU.Build.0 = Debug|Any CPU
		{C61962EE-F416-F05F-2579-90CDD8428434}.Release|Any CPU.ActiveCfg = Release|Any CPU
		{C61962EE-F416-F05F-2579-90CDD8428434}.Release|Any CPU.Build.0 = Release|Any CPU
		{3FAE279F-9EF1-D49A-1548-141D26F564CE}.Debug|Any CPU.ActiveCfg = Debug|Any CPU
		{3FAE279F-9EF1-D49A-1548-141D26F564CE}.Debug|Any CPU.Build.0 = Debug|Any CPU
		{3FAE279F-9EF1-D49A-1548-141D26F564CE}.Release|Any CPU.ActiveCfg = Release|Any CPU
		{3FAE279F-9EF1-D49A-1548-141D26F564CE}.Release|Any CPU.Build.0 = Release|Any CPU
	EndGlobalSection
	GlobalSection(SolutionProperties) = preSolution
		HideSolutionNode = FALSE
	EndGlobalSection
																	GlobalSection(MonoDevelopProperties) = preSolution
		StartupItem = Assembly-CSharp.csproj
		Policies = $0
		$0.TextStylePolicy = $1
		$1.inheritsSet = null
		$1.scope = text/x-csharp
		$0.CSharpFormattingPolicy = $2
		$2.inheritsSet = Mono
		$2.inheritsScope = text/x-csharp
		$2.scope = text/x-csharp
		$0.TextStylePolicy = $3
		$3.FileWidth = 120
		$3.TabsToSpaces = False
		$3.EolMarker = Unix
		$3.inheritsSet = VisualStudio
		$3.inheritsScope = text/plain
		$3.scope = text/plain
		$0.DotNetNamingPolicy = $4
		$4.DirectoryNamespaceAssociation = None
		$4.ResourceNamePolicy = FileFormatDefault
	EndGlobalSection

EndGlobal
